{
  "version": 4,
  "terraform_version": "1.10.5",
  "serial": 1,
  "lineage": "a3321acd-f043-8f5a-2972-bd5077065341",
  "outputs": {
    "all_parent_segments": {
      "value": {
        "parent_segments": [
          {
            "description": "HelloFresh NZ_pr_523 Parent Segment",
            "id": "831024",
            "name": "HelloFresh NZ_pr_523",
            "parent_folder_id": "1128600"
          },
          {
            "description": "HelloFresh AU_pr_523 Parent Segment",
            "id": "831023",
            "name": "HelloFresh AU_pr_523",
            "parent_folder_id": "1128599"
          },
          {
            "description": "YouFoodz AU_pr_523 Parent Segment",
            "id": "831022",
            "name": "YouFoodz AU_pr_523",
            "parent_folder_id": "1128598"
          },
          {
            "description": "EveryPlate AU_pr_523 Parent Segment",
            "id": "831021",
            "name": "EveryPlate AU_pr_523",
            "parent_folder_id": "1128597"
          },
          {
            "description": "",
            "id": "789961",
            "name": "RAF Events PoC",
            "parent_folder_id": "1078790"
          },
          {
            "description": "",
            "id": "743573",
            "name": "Weekly Box Content PoC",
            "parent_folder_id": "1024861"
          },
          {
            "description": "",
            "id": "742179",
            "name": "Cross-brand PoC",
            "parent_folder_id": "1023182"
          },
          {
            "description": "The Pets Table Parent Segment",
            "id": "704853",
            "name": "The Pets Table",
            "parent_folder_id": "981612"
          },
          {
            "description": "",
            "id": "682578",
            "name": "SFMC timestamp test",
            "parent_folder_id": "956755"
          },
          {
            "description": "",
            "id": "679982",
            "name": "Loyalty PoC Rewards",
            "parent_folder_id": "953700"
          },
          {
            "description": "Factor75 US Parent Segment",
            "id": "676392",
            "name": "Factor75 US Copy Test",
            "parent_folder_id": "949533"
          },
          {
            "description": "HelloFresh US Parent Segment",
            "id": "676390",
            "name": "HelloFresh US Copy Test",
            "parent_folder_id": "949531"
          },
          {
            "description": "Factor75 US Parent Segment",
            "id": "557600",
            "name": "Factor75 US",
            "parent_folder_id": "784140"
          },
          {
            "description": "GoodChop US Parent Segment",
            "id": "557599",
            "name": "GoodChop US",
            "parent_folder_id": "784139"
          },
          {
            "description": "ChefsPlate CA Parent Segment",
            "id": "557598",
            "name": "ChefsPlate CA",
            "parent_folder_id": "784138"
          },
          {
            "description": "Factor75 CA Parent Segment",
            "id": "557597",
            "name": "Factor75 CA",
            "parent_folder_id": "784137"
          },
          {
            "description": "YouFoodz AU Parent Segment",
            "id": "520503",
            "name": "YouFoodz AU",
            "parent_folder_id": "741367"
          },
          {
            "description": "EveryPlate AU Parent Segment",
            "id": "520501",
            "name": "EveryPlate AU",
            "parent_folder_id": "741365"
          },
          {
            "description": "GreenChef US Parent Segment",
            "id": "499499",
            "name": "GreenChef US",
            "parent_folder_id": "718519"
          },
          {
            "description": "EveryPlate US Parent Segment",
            "id": "499498",
            "name": "EveryPlate US",
            "parent_folder_id": "718518"
          },
          {
            "description": "",
            "id": "470612",
            "name": "HelloFresh NZ Export Testing",
            "parent_folder_id": "687058"
          },
          {
            "description": "",
            "id": "470611",
            "name": "Factor US Export Testing",
            "parent_folder_id": "687057"
          },
          {
            "description": "",
            "id": "466080",
            "name": "HelloFresh AU Export Testing",
            "parent_folder_id": "681992"
          },
          {
            "description": "DO NOT DELETE",
            "id": "457194",
            "name": "HelloFresh US Export Testing",
            "parent_folder_id": "672194"
          },
          {
            "description": "",
            "id": "447436",
            "name": "Mobile Events Test PS",
            "parent_folder_id": "661724"
          },
          {
            "description": "HelloFresh US Parent Segment",
            "id": "443048",
            "name": "HelloFresh US",
            "parent_folder_id": "656686"
          },
          {
            "description": "HelloFresh NZ Parent Segment",
            "id": "442821",
            "name": "HelloFresh NZ",
            "parent_folder_id": "656451"
          },
          {
            "description": "HelloFresh CA Parent Segment",
            "id": "439616",
            "name": "HelloFresh CA",
            "parent_folder_id": "653013"
          },
          {
            "description": "HelloFresh AU Parent Segment",
            "id": "433058",
            "name": "HelloFresh AU",
            "parent_folder_id": "645214"
          },
          {
            "description": "MCP Test Segment",
            "id": "356325",
            "name": "MCP Test Segment",
            "parent_folder_id": "531831"
          }
        ]
      },
      "type": [
        "object",
        {
          "parent_segments": [
            "list",
            [
              "object",
              {
                "description": "string",
                "id": "string",
                "name": "string",
                "parent_folder_id": "string"
              }
            ]
          ]
        }
      ]
    }
  },
  "resources": [
    {
      "mode": "data",
      "type": "td_parent_segments",
      "name": "all",
      "provider": "provider[\"hellofresh.io/mcp/td\"]",
      "instances": [
        {
          "schema_version": 0,
          "attributes": {
            "parent_segments": [
              {
                "description": "HelloFresh NZ_pr_523 Parent Segment",
                "id": "831024",
                "name": "HelloFresh NZ_pr_523",
                "parent_folder_id": "1128600"
              },
              {
                "description": "HelloFresh AU_pr_523 Parent Segment",
                "id": "831023",
                "name": "HelloFresh AU_pr_523",
                "parent_folder_id": "1128599"
              },
              {
                "description": "YouFoodz AU_pr_523 Parent Segment",
                "id": "831022",
                "name": "YouFoodz AU_pr_523",
                "parent_folder_id": "1128598"
              },
              {
                "description": "EveryPlate AU_pr_523 Parent Segment",
                "id": "831021",
                "name": "EveryPlate AU_pr_523",
                "parent_folder_id": "1128597"
              },
              {
                "description": "",
                "id": "789961",
                "name": "RAF Events PoC",
                "parent_folder_id": "1078790"
              },
              {
                "description": "",
                "id": "743573",
                "name": "Weekly Box Content PoC",
                "parent_folder_id": "1024861"
              },
              {
                "description": "",
                "id": "742179",
                "name": "Cross-brand PoC",
                "parent_folder_id": "1023182"
              },
              {
                "description": "The Pets Table Parent Segment",
                "id": "704853",
                "name": "The Pets Table",
                "parent_folder_id": "981612"
              },
              {
                "description": "",
                "id": "682578",
                "name": "SFMC timestamp test",
                "parent_folder_id": "956755"
              },
              {
                "description": "",
                "id": "679982",
                "name": "Loyalty PoC Rewards",
                "parent_folder_id": "953700"
              },
              {
                "description": "Factor75 US Parent Segment",
                "id": "676392",
                "name": "Factor75 US Copy Test",
                "parent_folder_id": "949533"
              },
              {
                "description": "HelloFresh US Parent Segment",
                "id": "676390",
                "name": "HelloFresh US Copy Test",
                "parent_folder_id": "949531"
              },
              {
                "description": "Factor75 US Parent Segment",
                "id": "557600",
                "name": "Factor75 US",
                "parent_folder_id": "784140"
              },
              {
                "description": "GoodChop US Parent Segment",
                "id": "557599",
                "name": "GoodChop US",
                "parent_folder_id": "784139"
              },
              {
                "description": "ChefsPlate CA Parent Segment",
                "id": "557598",
                "name": "ChefsPlate CA",
                "parent_folder_id": "784138"
              },
              {
                "description": "Factor75 CA Parent Segment",
                "id": "557597",
                "name": "Factor75 CA",
                "parent_folder_id": "784137"
              },
              {
                "description": "YouFoodz AU Parent Segment",
                "id": "520503",
                "name": "YouFoodz AU",
                "parent_folder_id": "741367"
              },
              {
                "description": "EveryPlate AU Parent Segment",
                "id": "520501",
                "name": "EveryPlate AU",
                "parent_folder_id": "741365"
              },
              {
                "description": "GreenChef US Parent Segment",
                "id": "499499",
                "name": "GreenChef US",
                "parent_folder_id": "718519"
              },
              {
                "description": "EveryPlate US Parent Segment",
                "id": "499498",
                "name": "EveryPlate US",
                "parent_folder_id": "718518"
              },
              {
                "description": "",
                "id": "470612",
                "name": "HelloFresh NZ Export Testing",
                "parent_folder_id": "687058"
              },
              {
                "description": "",
                "id": "470611",
                "name": "Factor US Export Testing",
                "parent_folder_id": "687057"
              },
              {
                "description": "",
                "id": "466080",
                "name": "HelloFresh AU Export Testing",
                "parent_folder_id": "681992"
              },
              {
                "description": "DO NOT DELETE",
                "id": "457194",
                "name": "HelloFresh US Export Testing",
                "parent_folder_id": "672194"
              },
              {
                "description": "",
                "id": "447436",
                "name": "Mobile Events Test PS",
                "parent_folder_id": "661724"
              },
              {
                "description": "HelloFresh US Parent Segment",
                "id": "443048",
                "name": "HelloFresh US",
                "parent_folder_id": "656686"
              },
              {
                "description": "HelloFresh NZ Parent Segment",
                "id": "442821",
                "name": "HelloFresh NZ",
                "parent_folder_id": "656451"
              },
              {
                "description": "HelloFresh CA Parent Segment",
                "id": "439616",
                "name": "HelloFresh CA",
                "parent_folder_id": "653013"
              },
              {
                "description": "HelloFresh AU Parent Segment",
                "id": "433058",
                "name": "HelloFresh AU",
                "parent_folder_id": "645214"
              },
              {
                "description": "MCP Test Segment",
                "id": "356325",
                "name": "MCP Test Segment",
                "parent_folder_id": "531831"
              }
            ]
          },
          "sensitive_attributes": []
        }
      ]
    },
    {
      "mode": "managed",
      "type": "td_folder",
      "name": "test",
      "provider": "provider[\"hellofresh.io/mcp/td\"]",
      "instances": [
        {
          "schema_version": 0,
          "attributes": {
            "created_at": "",
            "description": "Test Description",
            "id": "",
            "name": "1_TEST",
            "parent_folder_id": "956755",
            "updated_at": ""
          },
          "sensitive_attributes": []
        }
      ]
    }
  ],
  "check_results": null
}
